
Microsoft Visual Studio Solution File, Format Version 10.00
# Visual Studio 2008
Project("{8BC9CEB8-8B4A-11D0-8D11-00A0C91BC942}") = "wowhack", "wowhack.vcproj", "{3C1B1CDF-C289-43BD-99BB-306289C38603}"
EndProject
Global
	GlobalSection(SolutionConfigurationPlatforms) = preSolution
		Debug|Win32 = Debug|Win32
		Release_nohide|Win32 = Release_nohide|Win32
		Release|Win32 = Release|Win32
	EndGlobalSection
	GlobalSection(ProjectConfigurationPlatforms) = postSolution
		{3C1B1CDF-C289-43BD-99BB-306289C38603}.Debug|Win32.ActiveCfg = Debug|Win32
		{3C1B1CDF-C289-43BD-99BB-306289C38603}.Debug|Win32.Build.0 = Debug|Win32
		{3C1B1CDF-C289-43BD-99BB-306289C38603}.Release_nohide|Win32.ActiveCfg = Release_nohide|Win32
		{3C1B1CDF-C289-43BD-99BB-306289C38603}.Release_nohide|Win32.Build.0 = Release_nohide|Win32
		{3C1B1CDF-C289-43BD-99BB-306289C38603}.Release|Win32.ActiveCfg = Release|Win32
		{3C1B1CDF-C289-43BD-99BB-306289C38603}.Release|Win32.Build.0 = Release|Win32
	EndGlobalSection
	GlobalSection(SolutionProperties) = preSolution
		HideSolutionNode = FALSE
	EndGlobalSection
EndGlobal
