
Microsoft Visual Studio Solution File, Format Version 10.00
# Visual Studio 2008
Project("{8BC9CEB8-8B4A-11D0-8D11-00A0C91BC942}") = "example", "example.vcproj", "{BA0F4FC3-27F1-4EB1-B2C1-B3D5F77F0DA2}"
	ProjectSection(ProjectDependencies) = postProject
		{8367D102-FED4-4690-9B5B-54E85624B72F} = {8367D102-FED4-4690-9B5B-54E85624B72F}
	EndProjectSection
EndProject
Project("{8BC9CEB8-8B4A-11D0-8D11-00A0C91BC942}") = "minigzip", "minigzip.vcproj", "{6BFDD246-9B17-4E2D-B49D-748FA3EFA97D}"
	ProjectSection(ProjectDependencies) = postProject
		{8367D102-FED4-4690-9B5B-54E85624B72F} = {8367D102-FED4-4690-9B5B-54E85624B72F}
	EndProjectSection
EndProject
Project("{8BC9CEB8-8B4A-11D0-8D11-00A0C91BC942}") = "zlib", "zlib.vcproj", "{8367D102-FED4-4690-9B5B-54E85624B72F}"
EndProject
Global
	GlobalSection(SolutionConfigurationPlatforms) = preSolution
		DLL ASM Debug|Win32 = DLL ASM Debug|Win32
		DLL ASM Release|Win32 = DLL ASM Release|Win32
		DLL Debug|Win32 = DLL Debug|Win32
		DLL Release|Win32 = DLL Release|Win32
		LIB ASM Debug|Win32 = LIB ASM Debug|Win32
		LIB ASM Release|Win32 = LIB ASM Release|Win32
		LIB Debug|Win32 = LIB Debug|Win32
		LIB Release|Win32 = LIB Release|Win32
	EndGlobalSection
	GlobalSection(ProjectConfigurationPlatforms) = postSolution
		{BA0F4FC3-27F1-4EB1-B2C1-B3D5F77F0DA2}.DLL ASM Debug|Win32.ActiveCfg = DLL ASM Debug|Win32
		{BA0F4FC3-27F1-4EB1-B2C1-B3D5F77F0DA2}.DLL ASM Debug|Win32.Build.0 = DLL ASM Debug|Win32
		{BA0F4FC3-27F1-4EB1-B2C1-B3D5F77F0DA2}.DLL ASM Release|Win32.ActiveCfg = DLL ASM Release|Win32
		{BA0F4FC3-27F1-4EB1-B2C1-B3D5F77F0DA2}.DLL ASM Release|Win32.Build.0 = DLL ASM Release|Win32
		{BA0F4FC3-27F1-4EB1-B2C1-B3D5F77F0DA2}.DLL Debug|Win32.ActiveCfg = DLL Debug|Win32
		{BA0F4FC3-27F1-4EB1-B2C1-B3D5F77F0DA2}.DLL Debug|Win32.Build.0 = DLL Debug|Win32
		{BA0F4FC3-27F1-4EB1-B2C1-B3D5F77F0DA2}.DLL Release|Win32.ActiveCfg = DLL Release|Win32
		{BA0F4FC3-27F1-4EB1-B2C1-B3D5F77F0DA2}.DLL Release|Win32.Build.0 = DLL Release|Win32
		{BA0F4FC3-27F1-4EB1-B2C1-B3D5F77F0DA2}.LIB ASM Debug|Win32.ActiveCfg = LIB ASM Debug|Win32
		{BA0F4FC3-27F1-4EB1-B2C1-B3D5F77F0DA2}.LIB ASM Debug|Win32.Build.0 = LIB ASM Debug|Win32
		{BA0F4FC3-27F1-4EB1-B2C1-B3D5F77F0DA2}.LIB ASM Release|Win32.ActiveCfg = LIB ASM Release|Win32
		{BA0F4FC3-27F1-4EB1-B2C1-B3D5F77F0DA2}.LIB ASM Release|Win32.Build.0 = LIB ASM Release|Win32
		{BA0F4FC3-27F1-4EB1-B2C1-B3D5F77F0DA2}.LIB Debug|Win32.ActiveCfg = LIB Debug|Win32
		{BA0F4FC3-27F1-4EB1-B2C1-B3D5F77F0DA2}.LIB Debug|Win32.Build.0 = LIB Debug|Win32
		{BA0F4FC3-27F1-4EB1-B2C1-B3D5F77F0DA2}.LIB Release|Win32.ActiveCfg = LIB Release|Win32
		{BA0F4FC3-27F1-4EB1-B2C1-B3D5F77F0DA2}.LIB Release|Win32.Build.0 = LIB Release|Win32
		{6BFDD246-9B17-4E2D-B49D-748FA3EFA97D}.DLL ASM Debug|Win32.ActiveCfg = DLL ASM Debug|Win32
		{6BFDD246-9B17-4E2D-B49D-748FA3EFA97D}.DLL ASM Debug|Win32.Build.0 = DLL ASM Debug|Win32
		{6BFDD246-9B17-4E2D-B49D-748FA3EFA97D}.DLL ASM Release|Win32.ActiveCfg = DLL ASM Release|Win32
		{6BFDD246-9B17-4E2D-B49D-748FA3EFA97D}.DLL ASM Release|Win32.Build.0 = DLL ASM Release|Win32
		{6BFDD246-9B17-4E2D-B49D-748FA3EFA97D}.DLL Debug|Win32.ActiveCfg = DLL Debug|Win32
		{6BFDD246-9B17-4E2D-B49D-748FA3EFA97D}.DLL Debug|Win32.Build.0 = DLL Debug|Win32
		{6BFDD246-9B17-4E2D-B49D-748FA3EFA97D}.DLL Release|Win32.ActiveCfg = DLL Release|Win32
		{6BFDD246-9B17-4E2D-B49D-748FA3EFA97D}.DLL Release|Win32.Build.0 = DLL Release|Win32
		{6BFDD246-9B17-4E2D-B49D-748FA3EFA97D}.LIB ASM Debug|Win32.ActiveCfg = LIB ASM Debug|Win32
		{6BFDD246-9B17-4E2D-B49D-748FA3EFA97D}.LIB ASM Debug|Win32.Build.0 = LIB ASM Debug|Win32
		{6BFDD246-9B17-4E2D-B49D-748FA3EFA97D}.LIB ASM Release|Win32.ActiveCfg = LIB ASM Release|Win32
		{6BFDD246-9B17-4E2D-B49D-748FA3EFA97D}.LIB ASM Release|Win32.Build.0 = LIB ASM Release|Win32
		{6BFDD246-9B17-4E2D-B49D-748FA3EFA97D}.LIB Debug|Win32.ActiveCfg = LIB Debug|Win32
		{6BFDD246-9B17-4E2D-B49D-748FA3EFA97D}.LIB Debug|Win32.Build.0 = LIB Debug|Win32
		{6BFDD246-9B17-4E2D-B49D-748FA3EFA97D}.LIB Release|Win32.ActiveCfg = LIB Release|Win32
		{6BFDD246-9B17-4E2D-B49D-748FA3EFA97D}.LIB Release|Win32.Build.0 = LIB Release|Win32
		{8367D102-FED4-4690-9B5B-54E85624B72F}.DLL ASM Debug|Win32.ActiveCfg = DLL ASM Debug|Win32
		{8367D102-FED4-4690-9B5B-54E85624B72F}.DLL ASM Debug|Win32.Build.0 = DLL ASM Debug|Win32
		{8367D102-FED4-4690-9B5B-54E85624B72F}.DLL ASM Release|Win32.ActiveCfg = DLL ASM Release|Win32
		{8367D102-FED4-4690-9B5B-54E85624B72F}.DLL ASM Release|Win32.Build.0 = DLL ASM Release|Win32
		{8367D102-FED4-4690-9B5B-54E85624B72F}.DLL Debug|Win32.ActiveCfg = DLL Debug|Win32
		{8367D102-FED4-4690-9B5B-54E85624B72F}.DLL Debug|Win32.Build.0 = DLL Debug|Win32
		{8367D102-FED4-4690-9B5B-54E85624B72F}.DLL Release|Win32.ActiveCfg = DLL Release|Win32
		{8367D102-FED4-4690-9B5B-54E85624B72F}.DLL Release|Win32.Build.0 = DLL Release|Win32
		{8367D102-FED4-4690-9B5B-54E85624B72F}.LIB ASM Debug|Win32.ActiveCfg = LIB ASM Debug|Win32
		{8367D102-FED4-4690-9B5B-54E85624B72F}.LIB ASM Debug|Win32.Build.0 = LIB ASM Debug|Win32
		{8367D102-FED4-4690-9B5B-54E85624B72F}.LIB ASM Release|Win32.ActiveCfg = LIB ASM Release|Win32
		{8367D102-FED4-4690-9B5B-54E85624B72F}.LIB ASM Release|Win32.Build.0 = LIB ASM Release|Win32
		{8367D102-FED4-4690-9B5B-54E85624B72F}.LIB Debug|Win32.ActiveCfg = LIB Debug|Win32
		{8367D102-FED4-4690-9B5B-54E85624B72F}.LIB Debug|Win32.Build.0 = LIB Debug|Win32
		{8367D102-FED4-4690-9B5B-54E85624B72F}.LIB Release|Win32.ActiveCfg = LIB Release|Win32
		{8367D102-FED4-4690-9B5B-54E85624B72F}.LIB Release|Win32.Build.0 = LIB Release|Win32
	EndGlobalSection
	GlobalSection(SolutionProperties) = preSolution
		HideSolutionNode = FALSE
	EndGlobalSection
EndGlobal
