Microsoft Visual Studio Solution File, Format Version 8.00
Project("{8BC9CEB8-8B4A-11D0-8D11-00A0C91BC942}") = "wayview", "wayview.vcproj", "{D752E6F7-290F-4ED1-8F57-CBABA8A2582F}"
	ProjectSection(ProjectDependencies) = postProject
	EndProjectSection
EndProject
Global
	GlobalSection(SolutionConfiguration) = preSolution
		Debug = Debug
		Release = Release
	EndGlobalSection
	GlobalSection(ProjectConfiguration) = postSolution
		{D752E6F7-290F-4ED1-8F57-CBABA8A2582F}.Debug.ActiveCfg = Debug|Win32
		{D752E6F7-290F-4ED1-8F57-CBABA8A2582F}.Debug.Build.0 = Debug|Win32
		{D752E6F7-290F-4ED1-8F57-CBABA8A2582F}.Release.ActiveCfg = Release|Win32
		{D752E6F7-290F-4ED1-8F57-CBABA8A2582F}.Release.Build.0 = Release|Win32
	EndGlobalSection
	GlobalSection(ExtensibilityGlobals) = postSolution
	EndGlobalSection
	GlobalSection(ExtensibilityAddIns) = postSolution
	EndGlobalSection
EndGlobal
